
Microsoft Visual Studio Solution File, Format Version 12.00
# Visual Studio Version 16
VisualStudioVersion = 16.0.30204.135
MinimumVisualStudioVersion = 10.0.40219.1
Project("{FAE04EC0-301F-11D3-BF4B-00C04F79EFBC}") = "brackets_validator", "brackets_validator\brackets_validator.csproj", "{2D5BC31F-896B-4FF8-A09C-6957DB471DD7}"
EndProject
Project("{FAE04EC0-301F-11D3-BF4B-00C04F79EFBC}") = "brackets_validator.Test", "brackets_validator.Test\brackets_validator.Test.csproj", "{55A6B5DA-50EA-4ED9-B548-86A8C337F4D7}"
EndProject
Global
	GlobalSection(SolutionConfigurationPlatforms) = preSolution
		Debug|Any CPU = Debug|Any CPU
		Release|Any CPU = Release|Any CPU
	EndGlobalSection
	GlobalSection(ProjectConfigurationPlatforms) = postSolution
		{2D5BC31F-896B-4FF8-A09C-6957DB471DD7}.Debug|Any CPU.ActiveCfg = Debug|Any CPU
		{2D5BC31F-896B-4FF8-A09C-6957DB471DD7}.Debug|Any CPU.Build.0 = Debug|Any CPU
		{2D5BC31F-896B-4FF8-A09C-6957DB471DD7}.Release|Any CPU.ActiveCfg = Release|Any CPU
		{2D5BC31F-896B-4FF8-A09C-6957DB471DD7}.Release|Any CPU.Build.0 = Release|Any CPU
		{55A6B5DA-50EA-4ED9-B548-86A8C337F4D7}.Debug|Any CPU.ActiveCfg = Debug|Any CPU
		{55A6B5DA-50EA-4ED9-B548-86A8C337F4D7}.Debug|Any CPU.Build.0 = Debug|Any CPU
		{55A6B5DA-50EA-4ED9-B548-86A8C337F4D7}.Release|Any CPU.ActiveCfg = Release|Any CPU
		{55A6B5DA-50EA-4ED9-B548-86A8C337F4D7}.Release|Any CPU.Build.0 = Release|Any CPU
	EndGlobalSection
	GlobalSection(SolutionProperties) = preSolution
		HideSolutionNode = FALSE
	EndGlobalSection
	GlobalSection(ExtensibilityGlobals) = postSolution
		SolutionGuid = {7AFE87DC-78FA-4C1B-BBEE-A9E941EAF716}
	EndGlobalSection
EndGlobal
